Microsoft Visual Studio Solution File, Format Version 8.00
Project("{8BC9CEB8-8B4A-11D0-8D11-00A0C91BC942}") = "indexer", "src/indexer.vcproj", "{405619C7-CC22-4FB8-9237-B196CB897355}"
	ProjectSection(ProjectDependencies) = postProject
		{6A1685DE-0265-4243-965F-96CB53EBBCA6} = {6A1685DE-0265-4243-965F-96CB53EBBCA6}
	EndProjectSection
EndProject
Project("{8BC9CEB8-8B4A-11D0-8D11-00A0C91BC942}") = "libsphinx", "src/libsphinx.vcproj", "{6A1685DE-0265-4243-965F-96CB53EBBCA6}"
	ProjectSection(ProjectDependencies) = postProject
	EndProjectSection
EndProject
Project("{8BC9CEB8-8B4A-11D0-8D11-00A0C91BC942}") = "search", "src/search.vcproj", "{571DC41A-2665-476C-ABED-3899324E19AB}"
	ProjectSection(ProjectDependencies) = postProject
		{6A1685DE-0265-4243-965F-96CB53EBBCA6} = {6A1685DE-0265-4243-965F-96CB53EBBCA6}
	EndProjectSection
EndProject
Project("{8BC9CEB8-8B4A-11D0-8D11-00A0C91BC942}") = "searchd", "src/searchd.vcproj", "{0BBD34CB-5891-477F-B665-3D7C9FC22A02}"
	ProjectSection(ProjectDependencies) = postProject
		{6A1685DE-0265-4243-965F-96CB53EBBCA6} = {6A1685DE-0265-4243-965F-96CB53EBBCA6}
	EndProjectSection
EndProject
Global
	GlobalSection(SolutionConfiguration) = preSolution
		Debug = Debug
		Release = Release
	EndGlobalSection
	GlobalSection(ProjectConfiguration) = postSolution
		{405619C7-CC22-4FB8-9237-B196CB897355}.Debug.ActiveCfg = Debug|Win32
		{405619C7-CC22-4FB8-9237-B196CB897355}.Debug.Build.0 = Debug|Win32
		{405619C7-CC22-4FB8-9237-B196CB897355}.Release.ActiveCfg = Release|Win32
		{405619C7-CC22-4FB8-9237-B196CB897355}.Release.Build.0 = Release|Win32
		{6A1685DE-0265-4243-965F-96CB53EBBCA6}.Debug.ActiveCfg = Debug|Win32
		{6A1685DE-0265-4243-965F-96CB53EBBCA6}.Debug.Build.0 = Debug|Win32
		{6A1685DE-0265-4243-965F-96CB53EBBCA6}.Release.ActiveCfg = Release|Win32
		{6A1685DE-0265-4243-965F-96CB53EBBCA6}.Release.Build.0 = Release|Win32
		{571DC41A-2665-476C-ABED-3899324E19AB}.Debug.ActiveCfg = Debug|Win32
		{571DC41A-2665-476C-ABED-3899324E19AB}.Debug.Build.0 = Debug|Win32
		{571DC41A-2665-476C-ABED-3899324E19AB}.Release.ActiveCfg = Release|Win32
		{571DC41A-2665-476C-ABED-3899324E19AB}.Release.Build.0 = Release|Win32
		{0BBD34CB-5891-477F-B665-3D7C9FC22A02}.Debug.ActiveCfg = Debug|Win32
		{0BBD34CB-5891-477F-B665-3D7C9FC22A02}.Debug.Build.0 = Debug|Win32
		{0BBD34CB-5891-477F-B665-3D7C9FC22A02}.Release.ActiveCfg = Release|Win32
		{0BBD34CB-5891-477F-B665-3D7C9FC22A02}.Release.Build.0 = Release|Win32
	EndGlobalSection
	GlobalSection(ExtensibilityGlobals) = postSolution
	EndGlobalSection
	GlobalSection(ExtensibilityAddIns) = postSolution
	EndGlobalSection
EndGlobal
